
Microsoft Visual Studio Solution File, Format Version 12.00
# Visual Studio Version 16
VisualStudioVersion = 16.0.28922.388
MinimumVisualStudioVersion = 10.0.40219.1
Project("{FAE04EC0-301F-11D3-BF4B-00C04F79EFBC}") = "CarsDatabase", "CarsDatabase.csproj", "{F18A73DD-58D8-4360-8034-FC7E5DCBDD60}"
EndProject
Global
	GlobalSection(SolutionConfigurationPlatforms) = preSolution
		Debug|Any CPU = Debug|Any CPU
		Release|Any CPU = Release|Any CPU
	EndGlobalSection
	GlobalSection(ProjectConfigurationPlatforms) = postSolution
		{F18A73DD-58D8-4360-8034-FC7E5DCBDD60}.Debug|Any CPU.ActiveCfg = Debug|Any CPU
		{F18A73DD-58D8-4360-8034-FC7E5DCBDD60}.Debug|Any CPU.Build.0 = Debug|Any CPU
		{F18A73DD-58D8-4360-8034-FC7E5DCBDD60}.Release|Any CPU.ActiveCfg = Release|Any CPU
		{F18A73DD-58D8-4360-8034-FC7E5DCBDD60}.Release|Any CPU.Build.0 = Release|Any CPU
	EndGlobalSection
	GlobalSection(SolutionProperties) = preSolution
		HideSolutionNode = FALSE
	EndGlobalSection
	GlobalSection(ExtensibilityGlobals) = postSolution
		SolutionGuid = {5093930A-BE1D-4627-BDBE-8DE8E11EADC4}
	EndGlobalSection
EndGlobal
